
Microsoft Visual Studio Solution File, Format Version 12.00
# Visual Studio Version 17
VisualStudioVersion = 17.10.35004.147
MinimumVisualStudioVersion = 10.0.40219.1
Project("{8BC9CEB8-8B4A-11D0-8D11-00A0C91BC942}") = "Buoi1", "Buoi1\Buoi1.vcxproj", "{142544D9-5313-4668-B84B-81DD7B49F7A7}"
EndProject
Project("{8BC9CEB8-8B4A-11D0-8D11-00A0C91BC942}") = "buoi2", "buoi2\buoi2.vcxproj", "{A2B1141F-D678-4AC2-B8FD-8561EE30C749}"
EndProject
Project("{8BC9CEB8-8B4A-11D0-8D11-00A0C91BC942}") = "buoi3", "buoi3\buoi3.vcxproj", "{255446E9-BFAE-4064-B92B-20613FC0E928}"
EndProject
Project("{8BC9CEB8-8B4A-11D0-8D11-00A0C91BC942}") = "buoi4", "buoi4\buoi4.vcxproj", "{70EB0077-97C0-4AC2-9174-57C15F5F2B90}"
EndProject
Project("{8BC9CEB8-8B4A-11D0-8D11-00A0C91BC942}") = "test ôn bài", "buoi5\buoi5.vcxproj", "{8ED9C862-D77A-4223-8846-9BD6E432D30C}"
EndProject
Project("{8BC9CEB8-8B4A-11D0-8D11-00A0C91BC942}") = "ôn bài test", "ôn bài test\ôn bài test.vcxproj", "{92BE9189-3E36-46C3-B71A-1B80AC6B80A9}"
EndProject
Project("{8BC9CEB8-8B4A-11D0-8D11-00A0C91BC942}") = "kiểm tra GK2", "buoi6\buoi6.vcxproj", "{6EFF3216-B9C6-4CCA-B4E1-291C57615E17}"
EndProject
Project("{8BC9CEB8-8B4A-11D0-8D11-00A0C91BC942}") = "buoi6.1", "buoi6.1\buoi6.1.vcxproj", "{138EF400-E7AA-42FE-9A54-C1CF6E9FC905}"
EndProject
Project("{8BC9CEB8-8B4A-11D0-8D11-00A0C91BC942}") = "buoi6.2", "buoi6.2\buoi6.2.vcxproj", "{FB278947-3ED7-409C-A477-EAD6ECB059F2}"
EndProject
Project("{8BC9CEB8-8B4A-11D0-8D11-00A0C91BC942}") = "buoi6.3", "buoi6.3\buoi6.3.vcxproj", "{C81A1786-2AD2-4841-A570-15A780DB3269}"
EndProject
Global
	GlobalSection(SolutionConfigurationPlatforms) = preSolution
		Debug|x64 = Debug|x64
		Debug|x86 = Debug|x86
		Release|x64 = Release|x64
		Release|x86 = Release|x86
	EndGlobalSection
	GlobalSection(ProjectConfigurationPlatforms) = postSolution
		{142544D9-5313-4668-B84B-81DD7B49F7A7}.Debug|x64.ActiveCfg = Debug|x64
		{142544D9-5313-4668-B84B-81DD7B49F7A7}.Debug|x64.Build.0 = Debug|x64
		{142544D9-5313-4668-B84B-81DD7B49F7A7}.Debug|x86.ActiveCfg = Debug|Win32
		{142544D9-5313-4668-B84B-81DD7B49F7A7}.Debug|x86.Build.0 = Debug|Win32
		{142544D9-5313-4668-B84B-81DD7B49F7A7}.Release|x64.ActiveCfg = Release|x64
		{142544D9-5313-4668-B84B-81DD7B49F7A7}.Release|x64.Build.0 = Release|x64
		{142544D9-5313-4668-B84B-81DD7B49F7A7}.Release|x86.ActiveCfg = Release|Win32
		{142544D9-5313-4668-B84B-81DD7B49F7A7}.Release|x86.Build.0 = Release|Win32
		{A2B1141F-D678-4AC2-B8FD-8561EE30C749}.Debug|x64.ActiveCfg = Debug|x64
		{A2B1141F-D678-4AC2-B8FD-8561EE30C749}.Debug|x64.Build.0 = Debug|x64
		{A2B1141F-D678-4AC2-B8FD-8561EE30C749}.Debug|x86.ActiveCfg = Debug|Win32
		{A2B1141F-D678-4AC2-B8FD-8561EE30C749}.Debug|x86.Build.0 = Debug|Win32
		{A2B1141F-D678-4AC2-B8FD-8561EE30C749}.Release|x64.ActiveCfg = Release|x64
		{A2B1141F-D678-4AC2-B8FD-8561EE30C749}.Release|x64.Build.0 = Release|x64
		{A2B1141F-D678-4AC2-B8FD-8561EE30C749}.Release|x86.ActiveCfg = Release|Win32
		{A2B1141F-D678-4AC2-B8FD-8561EE30C749}.Release|x86.Build.0 = Release|Win32
		{255446E9-BFAE-4064-B92B-20613FC0E928}.Debug|x64.ActiveCfg = Debug|x64
		{255446E9-BFAE-4064-B92B-20613FC0E928}.Debug|x64.Build.0 = Debug|x64
		{255446E9-BFAE-4064-B92B-20613FC0E928}.Debug|x86.ActiveCfg = Debug|Win32
		{255446E9-BFAE-4064-B92B-20613FC0E928}.Debug|x86.Build.0 = Debug|Win32
		{255446E9-BFAE-4064-B92B-20613FC0E928}.Release|x64.ActiveCfg = Release|x64
		{255446E9-BFAE-4064-B92B-20613FC0E928}.Release|x64.Build.0 = Release|x64
		{255446E9-BFAE-4064-B92B-20613FC0E928}.Release|x86.ActiveCfg = Release|Win32
		{255446E9-BFAE-4064-B92B-20613FC0E928}.Release|x86.Build.0 = Release|Win32
		{70EB0077-97C0-4AC2-9174-57C15F5F2B90}.Debug|x64.ActiveCfg = Debug|x64
		{70EB0077-97C0-4AC2-9174-57C15F5F2B90}.Debug|x64.Build.0 = Debug|x64
		{70EB0077-97C0-4AC2-9174-57C15F5F2B90}.Debug|x86.ActiveCfg = Debug|Win32
		{70EB0077-97C0-4AC2-9174-57C15F5F2B90}.Debug|x86.Build.0 = Debug|Win32
		{70EB0077-97C0-4AC2-9174-57C15F5F2B90}.Release|x64.ActiveCfg = Release|x64
		{70EB0077-97C0-4AC2-9174-57C15F5F2B90}.Release|x64.Build.0 = Release|x64
		{70EB0077-97C0-4AC2-9174-57C15F5F2B90}.Release|x86.ActiveCfg = Release|Win32
		{70EB0077-97C0-4AC2-9174-57C15F5F2B90}.Release|x86.Build.0 = Release|Win32
		{8ED9C862-D77A-4223-8846-9BD6E432D30C}.Debug|x64.ActiveCfg = Debug|x64
		{8ED9C862-D77A-4223-8846-9BD6E432D30C}.Debug|x64.Build.0 = Debug|x64
		{8ED9C862-D77A-4223-8846-9BD6E432D30C}.Debug|x86.ActiveCfg = Debug|Win32
		{8ED9C862-D77A-4223-8846-9BD6E432D30C}.Debug|x86.Build.0 = Debug|Win32
		{8ED9C862-D77A-4223-8846-9BD6E432D30C}.Release|x64.ActiveCfg = Release|x64
		{8ED9C862-D77A-4223-8846-9BD6E432D30C}.Release|x64.Build.0 = Release|x64
		{8ED9C862-D77A-4223-8846-9BD6E432D30C}.Release|x86.ActiveCfg = Release|Win32
		{8ED9C862-D77A-4223-8846-9BD6E432D30C}.Release|x86.Build.0 = Release|Win32
		{92BE9189-3E36-46C3-B71A-1B80AC6B80A9}.Debug|x64.ActiveCfg = Debug|x64
		{92BE9189-3E36-46C3-B71A-1B80AC6B80A9}.Debug|x64.Build.0 = Debug|x64
		{92BE9189-3E36-46C3-B71A-1B80AC6B80A9}.Debug|x86.ActiveCfg = Debug|Win32
		{92BE9189-3E36-46C3-B71A-1B80AC6B80A9}.Debug|x86.Build.0 = Debug|Win32
		{92BE9189-3E36-46C3-B71A-1B80AC6B80A9}.Release|x64.ActiveCfg = Release|x64
		{92BE9189-3E36-46C3-B71A-1B80AC6B80A9}.Release|x64.Build.0 = Release|x64
		{92BE9189-3E36-46C3-B71A-1B80AC6B80A9}.Release|x86.ActiveCfg = Release|Win32
		{92BE9189-3E36-46C3-B71A-1B80AC6B80A9}.Release|x86.Build.0 = Release|Win32
		{6EFF3216-B9C6-4CCA-B4E1-291C57615E17}.Debug|x64.ActiveCfg = Debug|x64
		{6EFF3216-B9C6-4CCA-B4E1-291C57615E17}.Debug|x64.Build.0 = Debug|x64
		{6EFF3216-B9C6-4CCA-B4E1-291C57615E17}.Debug|x86.ActiveCfg = Debug|Win32
		{6EFF3216-B9C6-4CCA-B4E1-291C57615E17}.Debug|x86.Build.0 = Debug|Win32
		{6EFF3216-B9C6-4CCA-B4E1-291C57615E17}.Release|x64.ActiveCfg = Release|x64
		{6EFF3216-B9C6-4CCA-B4E1-291C57615E17}.Release|x64.Build.0 = Release|x64
		{6EFF3216-B9C6-4CCA-B4E1-291C57615E17}.Release|x86.ActiveCfg = Release|Win32
		{6EFF3216-B9C6-4CCA-B4E1-291C57615E17}.Release|x86.Build.0 = Release|Win32
		{138EF400-E7AA-42FE-9A54-C1CF6E9FC905}.Debug|x64.ActiveCfg = Debug|x64
		{138EF400-E7AA-42FE-9A54-C1CF6E9FC905}.Debug|x64.Build.0 = Debug|x64
		{138EF400-E7AA-42FE-9A54-C1CF6E9FC905}.Debug|x86.ActiveCfg = Debug|Win32
		{138EF400-E7AA-42FE-9A54-C1CF6E9FC905}.Debug|x86.Build.0 = Debug|Win32
		{138EF400-E7AA-42FE-9A54-C1CF6E9FC905}.Release|x64.ActiveCfg = Release|x64
		{138EF400-E7AA-42FE-9A54-C1CF6E9FC905}.Release|x64.Build.0 = Release|x64
		{138EF400-E7AA-42FE-9A54-C1CF6E9FC905}.Release|x86.ActiveCfg = Release|Win32
		{138EF400-E7AA-42FE-9A54-C1CF6E9FC905}.Release|x86.Build.0 = Release|Win32
		{FB278947-3ED7-409C-A477-EAD6ECB059F2}.Debug|x64.ActiveCfg = Debug|x64
		{FB278947-3ED7-409C-A477-EAD6ECB059F2}.Debug|x64.Build.0 = Debug|x64
		{FB278947-3ED7-409C-A477-EAD6ECB059F2}.Debug|x86.ActiveCfg = Debug|Win32
		{FB278947-3ED7-409C-A477-EAD6ECB059F2}.Debug|x86.Build.0 = Debug|Win32
		{FB278947-3ED7-409C-A477-EAD6ECB059F2}.Release|x64.ActiveCfg = Release|x64
		{FB278947-3ED7-409C-A477-EAD6ECB059F2}.Release|x64.Build.0 = Release|x64
		{FB278947-3ED7-409C-A477-EAD6ECB059F2}.Release|x86.ActiveCfg = Release|Win32
		{FB278947-3ED7-409C-A477-EAD6ECB059F2}.Release|x86.Build.0 = Release|Win32
		{C81A1786-2AD2-4841-A570-15A780DB3269}.Debug|x64.ActiveCfg = Debug|x64
		{C81A1786-2AD2-4841-A570-15A780DB3269}.Debug|x64.Build.0 = Debug|x64
		{C81A1786-2AD2-4841-A570-15A780DB3269}.Debug|x86.ActiveCfg = Debug|Win32
		{C81A1786-2AD2-4841-A570-15A780DB3269}.Debug|x86.Build.0 = Debug|Win32
		{C81A1786-2AD2-4841-A570-15A780DB3269}.Release|x64.ActiveCfg = Release|x64
		{C81A1786-2AD2-4841-A570-15A780DB3269}.Release|x64.Build.0 = Release|x64
		{C81A1786-2AD2-4841-A570-15A780DB3269}.Release|x86.ActiveCfg = Release|Win32
		{C81A1786-2AD2-4841-A570-15A780DB3269}.Release|x86.Build.0 = Release|Win32
	EndGlobalSection
	GlobalSection(SolutionProperties) = preSolution
		HideSolutionNode = FALSE
	EndGlobalSection
	GlobalSection(ExtensibilityGlobals) = postSolution
		SolutionGuid = {B93845E5-1EB5-488B-A3A1-5DE31B60214C}
	EndGlobalSection
EndGlobal
